// !$*UTF8*$!
{
	archiveVersion = 1;
	classes = {
	};
	objectVersion = 50;
	objects = {

/* Begin PBXBuildFile section */
		2A9B5A7526A3C719005415BA /* AppDelegate.swift in Sources */ = {isa = PBXBuildFile; fileRef = 2A9B5A7426A3C719005415BA /* AppDelegate.swift */; };
		2A9B5A7E26A3C71C005415BA /* Assets.xcassets in Resources */ = {isa = PBXBuildFile; fileRef = 2A9B5A7D26A3C71C005415BA /* Assets.xcassets */; };
		2A9B5A8126A3C71C005415BA /* LaunchScreen.storyboard in Resources */ = {isa = PBXBuildFile; fileRef = 2A9B5A7F26A3C71C005415BA /* LaunchScreen.storyboard */; };
		2A9B5A8C26A3C71C005415BA /* InjectionTests.swift in Sources */ = {isa = PBXBuildFile; fileRef = 2A9B5A8B26A3C71C005415BA /* InjectionTests.swift */; };
		2A9B5A9726A3C71C005415BA /* InjectionUITests.swift in Sources */ = {isa = PBXBuildFile; fileRef = 2A9B5A9626A3C71C005415BA /* InjectionUITests.swift */; };
		2A9B5AA626A3C7A1005415BA /* HomeViewModel.swift in Sources */ = {isa = PBXBuildFile; fileRef = 2A9B5AA526A3C7A1005415BA /* HomeViewModel.swift */; };
		2A9B5AAA26A3C7D1005415BA /* HomeViewController.swift in Sources */ = {isa = PBXBuildFile; fileRef = 2A9B5AA826A3C7D1005415BA /* HomeViewController.swift */; };
		2A9B5AAB26A3C7D1005415BA /* HomeViewController.xib in Resources */ = {isa = PBXBuildFile; fileRef = 2A9B5AA926A3C7D1005415BA /* HomeViewController.xib */; };
		2A9B5AAE26A3C7E7005415BA /* HomeModel.swift in Sources */ = {isa = PBXBuildFile; fileRef = 2A9B5AAD26A3C7E7005415BA /* HomeModel.swift */; };
		2A9B5AB126A3C830005415BA /* NetworkManager.swift in Sources */ = {isa = PBXBuildFile; fileRef = 2A9B5AB026A3C830005415BA /* NetworkManager.swift */; };
		2A9B5AB426A3CE57005415BA /* HomeTableViewCell.swift in Sources */ = {isa = PBXBuildFile; fileRef = 2A9B5AB226A3CE57005415BA /* HomeTableViewCell.swift */; };
		2A9B5AB526A3CE57005415BA /* HomeTableViewCell.xib in Resources */ = {isa = PBXBuildFile; fileRef = 2A9B5AB326A3CE57005415BA /* HomeTableViewCell.xib */; };
/* End PBXBuildFile section */

/* Begin PBXContainerItemProxy section */
		2A9B5A8826A3C71C005415BA /* PBXContainerItemProxy */ = {
			isa = PBXContainerItemProxy;
			containerPortal = 2A9B5A6926A3C718005415BA /* Project object */;
			proxyType = 1;
			remoteGlobalIDString = 2A9B5A7026A3C719005415BA;
			remoteInfo = Injection;
		};
		2A9B5A9326A3C71C005415BA /* PBXContainerItemProxy */ = {
			isa = PBXContainerItemProxy;
			containerPortal = 2A9B5A6926A3C718005415BA /* Project object */;
			proxyType = 1;
			remoteGlobalIDString = 2A9B5A7026A3C719005415BA;
			remoteInfo = Injection;
		};
/* End PBXContainerItemProxy section */

/* Begin PBXFileReference section */
		2A9B5A7126A3C719005415BA /* Injection.app */ = {isa = PBXFileReference; explicitFileType = wrapper.application; includeInIndex = 0; path = Injection.app; sourceTree = BUILT_PRODUCTS_DIR; };
		2A9B5A7426A3C719005415BA /* AppDelegate.swift */ = {isa = PBXFileReference; lastKnownFileType = sourcecode.swift; path = AppDelegate.swift; sourceTree = "<group>"; };
		2A9B5A7D26A3C71C005415BA /* Assets.xcassets */ = {isa = PBXFileReference; lastKnownFileType = folder.assetcatalog; path = Assets.xcassets; sourceTree = "<group>"; };
		2A9B5A8026A3C71C005415BA /* Base */ = {isa = PBXFileReference; lastKnownFileType = file.storyboard; name = Base; path = Base.lproj/LaunchScreen.storyboard; sourceTree = "<group>"; };
		2A9B5A8226A3C71C005415BA /* Info.plist */ = {isa = PBXFileReference; lastKnownFileType = text.plist.xml; path = Info.plist; sourceTree = "<group>"; };
		2A9B5A8726A3C71C005415BA /* InjectionTests.xctest */ = {isa = PBXFileReference; explicitFileType = wrapper.cfbundle; includeInIndex = 0; path = InjectionTests.xctest; sourceTree = BUILT_PRODUCTS_DIR; };
		2A9B5A8B26A3C71C005415BA /* InjectionTests.swift */ = {isa = PBXFileReference; lastKnownFileType = sourcecode.swift; path = InjectionTests.swift; sourceTree = "<group>"; };
		2A9B5A8D26A3C71C005415BA /* Info.plist */ = {isa = PBXFileReference; lastKnownFileType = text.plist.xml; path = Info.plist; sourceTree = "<group>"; };
		2A9B5A9226A3C71C005415BA /* InjectionUITests.xctest */ = {isa = PBXFileReference; explicitFileType = wrapper.cfbundle; includeInIndex = 0; path = InjectionUITests.xctest; sourceTree = BUILT_PRODUCTS_DIR; };
		2A9B5A9626A3C71C005415BA /* InjectionUITests.swift */ = {isa = PBXFileReference; lastKnownFileType = sourcecode.swift; path = InjectionUITests.swift; sourceTree = "<group>"; };
		2A9B5A9826A3C71C005415BA /* Info.plist */ = {isa = PBXFileReference; lastKnownFileType = text.plist.xml; path = Info.plist; sourceTree = "<group>"; };
		2A9B5AA526A3C7A1005415BA /* HomeViewModel.swift */ = {isa = PBXFileReference; lastKnownFileType = sourcecode.swift; path = HomeViewModel.swift; sourceTree = "<group>"; };
		2A9B5AA826A3C7D1005415BA /* HomeViewController.swift */ = {isa = PBXFileReference; lastKnownFileType = sourcecode.swift; path = HomeViewController.swift; sourceTree = "<group>"; };
		2A9B5AA926A3C7D1005415BA /* HomeViewController.xib */ = {isa = PBXFileReference; lastKnownFileType = file.xib; path = HomeViewController.xib; sourceTree = "<group>"; };
		2A9B5AAD26A3C7E7005415BA /* HomeModel.swift */ = {isa = PBXFileReference; lastKnownFileType = sourcecode.swift; path = HomeModel.swift; sourceTree = "<group>"; };
		2A9B5AB026A3C830005415BA /* NetworkManager.swift */ = {isa = PBXFileReference; lastKnownFileType = sourcecode.swift; path = NetworkManager.swift; sourceTree = "<group>"; };
		2A9B5AB226A3CE57005415BA /* HomeTableViewCell.swift */ = {isa = PBXFileReference; lastKnownFileType = sourcecode.swift; path = HomeTableViewCell.swift; sourceTree = "<group>"; };
		2A9B5AB326A3CE57005415BA /* HomeTableViewCell.xib */ = {isa = PBXFileReference; lastKnownFileType = file.xib; path = HomeTableViewCell.xib; sourceTree = "<group>"; };
/* End PBXFileReference section */

/* Begin PBXFrameworksBuildPhase section */
		2A9B5A6E26A3C719005415BA /* Frameworks */ = {
			isa = PBXFrameworksBuildPhase;
			buildActionMask = 2147483647;
			files = (
			);
			runOnlyForDeploymentPostprocessing = 0;
		};
		2A9B5A8426A3C71C005415BA /* Frameworks */ = {
			isa = PBXFrameworksBuildPhase;
			buildActionMask = 2147483647;
			files = (
			);
			runOnlyForDeploymentPostprocessing = 0;
		};
		2A9B5A8F26A3C71C005415BA /* Frameworks */ = {
			isa = PBXFrameworksBuildPhase;
			buildActionMask = 2147483647;
			files = (
			);
			runOnlyForDeploymentPostprocessing = 0;
		};
/* End PBXFrameworksBuildPhase section */

/* Begin PBXGroup section */
		2A9B5A6826A3C718005415BA = {
			isa = PBXGroup;
			children = (
				2A9B5A7326A3C719005415BA /* Injection */,
				2A9B5A8A26A3C71C005415BA /* InjectionTests */,
				2A9B5A9526A3C71C005415BA /* InjectionUITests */,
				2A9B5A7226A3C719005415BA /* Products */,
			);
			sourceTree = "<group>";
		};
		2A9B5A7226A3C719005415BA /* Products */ = {
			isa = PBXGroup;
			children = (
				2A9B5A7126A3C719005415BA /* Injection.app */,
				2A9B5A8726A3C71C005415BA /* InjectionTests.xctest */,
				2A9B5A9226A3C71C005415BA /* InjectionUITests.xctest */,
			);
			name = Products;
			sourceTree = "<group>";
		};
		2A9B5A7326A3C719005415BA /* Injection */ = {
			isa = PBXGroup;
			children = (
				2A9B5AB026A3C830005415BA /* NetworkManager.swift */,
				2A9B5AA426A3C78C005415BA /* Home */,
				2A9B5A7426A3C719005415BA /* AppDelegate.swift */,
				2A9B5A7D26A3C71C005415BA /* Assets.xcassets */,
				2A9B5A7F26A3C71C005415BA /* LaunchScreen.storyboard */,
				2A9B5A8226A3C71C005415BA /* Info.plist */,
			);
			path = Injection;
			sourceTree = "<group>";
		};
		2A9B5A8A26A3C71C005415BA /* InjectionTests */ = {
			isa = PBXGroup;
			children = (
				2A9B5A8B26A3C71C005415BA /* InjectionTests.swift */,
				2A9B5A8D26A3C71C005415BA /* Info.plist */,
			);
			path = InjectionTests;
			sourceTree = "<group>";
		};
		2A9B5A9526A3C71C005415BA /* InjectionUITests */ = {
			isa = PBXGroup;
			children = (
				2A9B5A9626A3C71C005415BA /* InjectionUITests.swift */,
				2A9B5A9826A3C71C005415BA /* Info.plist */,
			);
			path = InjectionUITests;
			sourceTree = "<group>";
		};
		2A9B5AA426A3C78C005415BA /* Home */ = {
			isa = PBXGroup;
			children = (
				2A9B5AAF26A3C7EB005415BA /* Model */,
				2A9B5AAC26A3C7D6005415BA /* View */,
				2A9B5AA726A3C7B7005415BA /* ViewModel */,
			);
			path = Home;
			sourceTree = "<group>";
		};
		2A9B5AA726A3C7B7005415BA /* ViewModel */ = {
			isa = PBXGroup;
			children = (
				2A9B5AA526A3C7A1005415BA /* HomeViewModel.swift */,
			);
			path = ViewModel;
			sourceTree = "<group>";
		};
		2A9B5AAC26A3C7D6005415BA /* View */ = {
			isa = PBXGroup;
			children = (
				2A9B5AB626A3CE5C005415BA /* Cell */,
				2A9B5AA826A3C7D1005415BA /* HomeViewController.swift */,
				2A9B5AA926A3C7D1005415BA /* HomeViewController.xib */,
			);
			path = View;
			sourceTree = "<group>";
		};
		2A9B5AAF26A3C7EB005415BA /* Model */ = {
			isa = PBXGroup;
			children = (
				2A9B5AAD26A3C7E7005415BA /* HomeModel.swift */,
			);
			path = Model;
			sourceTree = "<group>";
		};
		2A9B5AB626A3CE5C005415BA /* Cell */ = {
			isa = PBXGroup;
			children = (
				2A9B5AB226A3CE57005415BA /* HomeTableViewCell.swift */,
				2A9B5AB326A3CE57005415BA /* HomeTableViewCell.xib */,
			);
			path = Cell;
			sourceTree = "<group>";
		};
/* End PBXGroup section */

/* Begin PBXNativeTarget section */
		2A9B5A7026A3C719005415BA /* Injection */ = {
			isa = PBXNativeTarget;
			buildConfigurationList = 2A9B5A9B26A3C71C005415BA /* Build configuration list for PBXNativeTarget "Injection" */;
			buildPhases = (
				2A9B5A6D26A3C719005415BA /* Sources */,
				2A9B5A6E26A3C719005415BA /* Frameworks */,
				2A9B5A6F26A3C719005415BA /* Resources */,
			);
			buildRules = (
			);
			dependencies = (
			);
			name = Injection;
			productName = Injection;
			productReference = 2A9B5A7126A3C719005415BA /* Injection.app */;
			productType = "com.apple.product-type.application";
		};
		2A9B5A8626A3C71C005415BA /* InjectionTests */ = {
			isa = PBXNativeTarget;
			buildConfigurationList = 2A9B5A9E26A3C71C005415BA /* Build configuration list for PBXNativeTarget "InjectionTests" */;
			buildPhases = (
				2A9B5A8326A3C71C005415BA /* Sources */,
				2A9B5A8426A3C71C005415BA /* Frameworks */,
				2A9B5A8526A3C71C005415BA /* Resources */,
			);
			buildRules = (
			);
			dependencies = (
				2A9B5A8926A3C71C005415BA /* PBXTargetDependency */,
			);
			name = InjectionTests;
			productName = InjectionTests;
			productReference = 2A9B5A8726A3C71C005415BA /* InjectionTests.xctest */;
			productType = "com.apple.product-type.bundle.unit-test";
		};
		2A9B5A9126A3C71C005415BA /* InjectionUITests */ = {
			isa = PBXNativeTarget;
			buildConfigurationList = 2A9B5AA126A3C71C005415BA /* Build configuration list for PBXNativeTarget "InjectionUITests" */;
			buildPhases = (
				2A9B5A8E26A3C71C005415BA /* Sources */,
				2A9B5A8F26A3C71C005415BA /* Frameworks */,
				2A9B5A9026A3C71C005415BA /* Resources */,
			);
			buildRules = (
			);
			dependencies = (
				2A9B5A9426A3C71C005415BA /* PBXTargetDependency */,
			);
			name = InjectionUITests;
			productName = InjectionUITests;
			productReference = 2A9B5A9226A3C71C005415BA /* InjectionUITests.xctest */;
			productType = "com.apple.product-type.bundle.ui-testing";
		};
/* End PBXNativeTarget section */

/* Begin PBXProject section */
		2A9B5A6926A3C718005415BA /* Project object */ = {
			isa = PBXProject;
			attributes = {
				LastSwiftUpdateCheck = 1250;
				LastUpgradeCheck = 1250;
				TargetAttributes = {
					2A9B5A7026A3C719005415BA = {
						CreatedOnToolsVersion = 12.5.1;
					};
					2A9B5A8626A3C71C005415BA = {
						CreatedOnToolsVersion = 12.5.1;
						TestTargetID = 2A9B5A7026A3C719005415BA;
					};
					2A9B5A9126A3C71C005415BA = {
						CreatedOnToolsVersion = 12.5.1;
						TestTargetID = 2A9B5A7026A3C719005415BA;
					};
				};
			};
			buildConfigurationList = 2A9B5A6C26A3C718005415BA /* Build configuration list for PBXProject "Injection" */;
			compatibilityVersion = "Xcode 9.3";
			developmentRegion = en;
			hasScannedForEncodings = 0;
			knownRegions = (
				en,
				Base,
			);
			mainGroup = 2A9B5A6826A3C718005415BA;
			productRefGroup = 2A9B5A7226A3C719005415BA /* Products */;
			projectDirPath = "";
			projectRoot = "";
			targets = (
				2A9B5A7026A3C719005415BA /* Injection */,
				2A9B5A8626A3C71C005415BA /* InjectionTests */,
				2A9B5A9126A3C71C005415BA /* InjectionUITests */,
			);
		};
/* End PBXProject section */

/* Begin PBXResourcesBuildPhase section */
		2A9B5A6F26A3C719005415BA /* Resources */ = {
			isa = PBXResourcesBuildPhase;
			buildActionMask = 2147483647;
			files = (
				2A9B5A8126A3C71C005415BA /* LaunchScreen.storyboard in Resources */,
				2A9B5A7E26A3C71C005415BA /* Assets.xcassets in Resources */,
				2A9B5AB526A3CE57005415BA /* HomeTableViewCell.xib in Resources */,
				2A9B5AAB26A3C7D1005415BA /* HomeViewController.xib in Resources */,
			);
			runOnlyForDeploymentPostprocessing = 0;
		};
		2A9B5A8526A3C71C005415BA /* Resources */ = {
			isa = PBXResourcesBuildPhase;
			buildActionMask = 2147483647;
			files = (
			);
			runOnlyForDeploymentPostprocessing = 0;
		};
		2A9B5A9026A3C71C005415BA /* Resources */ = {
			isa = PBXResourcesBuildPhase;
			buildActionMask = 2147483647;
			files = (
			);
			runOnlyForDeploymentPostprocessing = 0;
		};
/* End PBXResourcesBuildPhase section */

/* Begin PBXSourcesBuildPhase section */
		2A9B5A6D26A3C719005415BA /* Sources */ = {
			isa = PBXSourcesBuildPhase;
			buildActionMask = 2147483647;
			files = (
				2A9B5AB426A3CE57005415BA /* HomeTableViewCell.swift in Sources */,
				2A9B5AAE26A3C7E7005415BA /* HomeModel.swift in Sources */,
				2A9B5A7526A3C719005415BA /* AppDelegate.swift in Sources */,
				2A9B5AB126A3C830005415BA /* NetworkManager.swift in Sources */,
				2A9B5AA626A3C7A1005415BA /* HomeViewModel.swift in Sources */,
				2A9B5AAA26A3C7D1005415BA /* HomeViewController.swift in Sources */,
			);
			runOnlyForDeploymentPostprocessing = 0;
		};
		2A9B5A8326A3C71C005415BA /* Sources */ = {
			isa = PBXSourcesBuildPhase;
			buildActionMask = 2147483647;
			files = (
				2A9B5A8C26A3C71C005415BA /* InjectionTests.swift in Sources */,
			);
			runOnlyForDeploymentPostprocessing = 0;
		};
		2A9B5A8E26A3C71C005415BA /* Sources */ = {
			isa = PBXSourcesBuildPhase;
			buildActionMask = 2147483647;
			files = (
				2A9B5A9726A3C71C005415BA /* InjectionUITests.swift in Sources */,
			);
			runOnlyForDeploymentPostprocessing = 0;
		};
/* End PBXSourcesBuildPhase section */

/* Begin PBXTargetDependency section */
		2A9B5A8926A3C71C005415BA /* PBXTargetDependency */ = {
			isa = PBXTargetDependency;
			target = 2A9B5A7026A3C719005415BA /* Injection */;
			targetProxy = 2A9B5A8826A3C71C005415BA /* PBXContainerItemProxy */;
		};
		2A9B5A9426A3C71C005415BA /* PBXTargetDependency */ = {
			isa = PBXTargetDependency;
			target = 2A9B5A7026A3C719005415BA /* Injection */;
			targetProxy = 2A9B5A9326A3C71C005415BA /* PBXContainerItemProxy */;
		};
/* End PBXTargetDependency section */

/* Begin PBXVariantGroup section */
		2A9B5A7F26A3C71C005415BA /* LaunchScreen.storyboard */ = {
			isa = PBXVariantGroup;
			children = (
				2A9B5A8026A3C71C005415BA /* Base */,
			);
			name = LaunchScreen.storyboard;
			sourceTree = "<group>";
		};
/* End PBXVariantGroup section */

/* Begin XCBuildConfiguration section */
		2A9B5A9926A3C71C005415BA /* Debug */ = {
			isa = XCBuildConfiguration;
			buildSettings = {
				ALWAYS_SEARCH_USER_PATHS = NO;
				CLANG_ANALYZER_NONNULL = YES;
				CLANG_ANALYZER_NUMBER_OBJECT_CONVERSION = YES_AGGRESSIVE;
				CLANG_CXX_LANGUAGE_STANDARD = "gnu++14";
				CLANG_CXX_LIBRARY = "libc++";
				CLANG_ENABLE_MODULES = YES;
				CLANG_ENABLE_OBJC_ARC = YES;
				CLANG_ENABLE_OBJC_WEAK = YES;
				CLANG_WARN_BLOCK_CAPTURE_AUTORELEASING = YES;
				CLANG_WARN_BOOL_CONVERSION = YES;
				CLANG_WARN_COMMA = YES;
				CLANG_WARN_CONSTANT_CONVERSION = YES;
				CLANG_WARN_DEPRECATED_OBJC_IMPLEMENTATIONS = YES;
				CLANG_WARN_DIRECT_OBJC_ISA_USAGE = YES_ERROR;
				CLANG_WARN_DOCUMENTATION_COMMENTS = YES;
				CLANG_WARN_EMPTY_BODY = YES;
				CLANG_WARN_ENUM_CONVERSION = YES;
				CLANG_WARN_INFINITE_RECURSION = YES;
				CLANG_WARN_INT_CONVERSION = YES;
				CLANG_WARN_NON_LITERAL_NULL_CONVERSION = YES;
				CLANG_WARN_OBJC_IMPLICIT_RETAIN_SELF = YES;
				CLANG_WARN_OBJC_LITERAL_CONVERSION = YES;
				CLANG_WARN_OBJC_ROOT_CLASS = YES_ERROR;
				CLANG_WARN_QUOTED_INCLUDE_IN_FRAMEWORK_HEADER = YES;
				CLANG_WARN_RANGE_LOOP_ANALYSIS = YES;
				CLANG_WARN_STRICT_PROTOTYPES = YES;
				CLANG_WARN_SUSPICIOUS_MOVE = YES;
				CLANG_WARN_UNGUARDED_AVAILABILITY = YES_AGGRESSIVE;
				CLANG_WARN_UNREACHABLE_CODE = YES;
				CLANG_WARN__DUPLICATE_METHOD_MATCH = YES;
				COPY_PHASE_STRIP = NO;
				DEBUG_INFORMATION_FORMAT = dwarf;
				ENABLE_STRICT_OBJC_MSGSEND = YES;
				ENABLE_TESTABILITY = YES;
				GCC_C_LANGUAGE_STANDARD = gnu11;
				GCC_DYNAMIC_NO_PIC = NO;
				GCC_NO_COMMON_BLOCKS = YES;
				GCC_OPTIMIZATION_LEVEL = 0;
				GCC_PREPROCESSOR_DEFINITIONS = (
					"DEBUG=1",
					"$(inherited)",
				);
				GCC_WARN_64_TO_32_BIT_CONVERSION = YES;
				GCC_WARN_ABOUT_RETURN_TYPE = YES_ERROR;
				GCC_WARN_UNDECLARED_SELECTOR = YES;
				GCC_WARN_UNINITIALIZED_AUTOS = YES_AGGRESSIVE;
				GCC_WARN_UNUSED_FUNCTION = YES;
				GCC_WARN_UNUSED_VARIABLE = YES;
				IPHONEOS_DEPLOYMENT_TARGET = 14.5;
				MTL_ENABLE_DEBUG_INFO = INCLUDE_SOURCE;
				MTL_FAST_MATH = YES;
				ONLY_ACTIVE_ARCH = YES;
				SDKROOT = iphoneos;
				SWIFT_ACTIVE_COMPILATION_CONDITIONS = DEBUG;
				SWIFT_OPTIMIZATION_LEVEL = "-Onone";
			};
			name = Debug;
		};
		2A9B5A9A26A3C71C005415BA /* Release */ = {
			isa = XCBuildConfiguration;
			buildSettings = {
				ALWAYS_SEARCH_USER_PATHS = NO;
				CLANG_ANALYZER_NONNULL = YES;
				CLANG_ANALYZER_NUMBER_OBJECT_CONVERSION = YES_AGGRESSIVE;
				CLANG_CXX_LANGUAGE_STANDARD = "gnu++14";
				CLANG_CXX_LIBRARY = "libc++";
				CLANG_ENABLE_MODULES = YES;
				CLANG_ENABLE_OBJC_ARC = YES;
				CLANG_ENABLE_OBJC_WEAK = YES;
				CLANG_WARN_BLOCK_CAPTURE_AUTORELEASING = YES;
				CLANG_WARN_BOOL_CONVERSION = YES;
				CLANG_WARN_COMMA = YES;
				CLANG_WARN_CONSTANT_CONVERSION = YES;
				CLANG_WARN_DEPRECATED_OBJC_IMPLEMENTATIONS = YES;
				CLANG_WARN_DIRECT_OBJC_ISA_USAGE = YES_ERROR;
				CLANG_WARN_DOCUMENTATION_COMMENTS = YES;
				CLANG_WARN_EMPTY_BODY = YES;
				CLANG_WARN_ENUM_CONVERSION = YES;
				CLANG_WARN_INFINITE_RECURSION = YES;
				CLANG_WARN_INT_CONVERSION = YES;
				CLANG_WARN_NON_LITERAL_NULL_CONVERSION = YES;
				CLANG_WARN_OBJC_IMPLICIT_RETAIN_SELF = YES;
				CLANG_WARN_OBJC_LITERAL_CONVERSION = YES;
				CLANG_WARN_OBJC_ROOT_CLASS = YES_ERROR;
				CLANG_WARN_QUOTED_INCLUDE_IN_FRAMEWORK_HEADER = YES;
				CLANG_WARN_RANGE_LOOP_ANALYSIS = YES;
				CLANG_WARN_STRICT_PROTOTYPES = YES;
				CLANG_WARN_SUSPICIOUS_MOVE = YES;
				CLANG_WARN_UNGUARDED_AVAILABILITY = YES_AGGRESSIVE;
				CLANG_WARN_UNREACHABLE_CODE = YES;
				CLANG_WARN__DUPLICATE_METHOD_MATCH = YES;
				COPY_PHASE_STRIP = NO;
				DEBUG_INFORMATION_FORMAT = "dwarf-with-dsym";
				ENABLE_NS_ASSERTIONS = NO;
				ENABLE_STRICT_OBJC_MSGSEND = YES;
				GCC_C_LANGUAGE_STANDARD = gnu11;
				GCC_NO_COMMON_BLOCKS = YES;
				GCC_WARN_64_TO_32_BIT_CONVERSION = YES;
				GCC_WARN_ABOUT_RETURN_TYPE = YES_ERROR;
				GCC_WARN_UNDECLARED_SELECTOR = YES;
				GCC_WARN_UNINITIALIZED_AUTOS = YES_AGGRESSIVE;
				GCC_WARN_UNUSED_FUNCTION = YES;
				GCC_WARN_UNUSED_VARIABLE = YES;
				IPHONEOS_DEPLOYMENT_TARGET = 14.5;
				MTL_ENABLE_DEBUG_INFO = NO;
				MTL_FAST_MATH = YES;
				SDKROOT = iphoneos;
				SWIFT_COMPILATION_MODE = wholemodule;
				SWIFT_OPTIMIZATION_LEVEL = "-O";
				VALIDATE_PRODUCT = YES;
			};
			name = Release;
		};
		2A9B5A9C26A3C71C005415BA /* Debug */ = {
			isa = XCBuildConfiguration;
			buildSettings = {
				ASSETCATALOG_COMPILER_APPICON_NAME = AppIcon;
				ASSETCATALOG_COMPILER_GLOBAL_ACCENT_COLOR_NAME = AccentColor;
				CODE_SIGN_STYLE = Automatic;
				DEVELOPMENT_TEAM = 5S22W76BBZ;
				INFOPLIST_FILE = Injection/Info.plist;
				LD_RUNPATH_SEARCH_PATHS = (
					"$(inherited)",
					"@executable_path/Frameworks",
				);
				PRODUCT_BUNDLE_IDENTIFIER = com.kevinhomorales.Injection;
				PRODUCT_NAME = "$(TARGET_NAME)";
				SWIFT_VERSION = 5.0;
				TARGETED_DEVICE_FAMILY = "1,2";
			};
			name = Debug;
		};
		2A9B5A9D26A3C71C005415BA /* Release */ = {
			isa = XCBuildConfiguration;
			buildSettings = {
				ASSETCATALOG_COMPILER_APPICON_NAME = AppIcon;
				ASSETCATALOG_COMPILER_GLOBAL_ACCENT_COLOR_NAME = AccentColor;
				CODE_SIGN_STYLE = Automatic;
				DEVELOPMENT_TEAM = 5S22W76BBZ;
				INFOPLIST_FILE = Injection/Info.plist;
				LD_RUNPATH_SEARCH_PATHS = (
					"$(inherited)",
					"@executable_path/Frameworks",
				);
				PRODUCT_BUNDLE_IDENTIFIER = com.kevinhomorales.Injection;
				PRODUCT_NAME = "$(TARGET_NAME)";
				SWIFT_VERSION = 5.0;
				TARGETED_DEVICE_FAMILY = "1,2";
			};
			name = Release;
		};
		2A9B5A9F26A3C71C005415BA /* Debug */ = {
			isa = XCBuildConfiguration;
			buildSettings = {
				ALWAYS_EMBED_SWIFT_STANDARD_LIBRARIES = YES;
				BUNDLE_LOADER = "$(TEST_HOST)";
				CODE_SIGN_STYLE = Automatic;
				DEVELOPMENT_TEAM = 5S22W76BBZ;
				INFOPLIST_FILE = InjectionTests/Info.plist;
				IPHONEOS_DEPLOYMENT_TARGET = 14.5;
				LD_RUNPATH_SEARCH_PATHS = (
					"$(inherited)",
					"@executable_path/Frameworks",
					"@loader_path/Frameworks",
				);
				PRODUCT_BUNDLE_IDENTIFIER = com.kevinhomorales.InjectionTests;
				PRODUCT_NAME = "$(TARGET_NAME)";
				SWIFT_VERSION = 5.0;
				TARGETED_DEVICE_FAMILY = "1,2";
				TEST_HOST = "$(BUILT_PRODUCTS_DIR)/Injection.app/Injection";
			};
			name = Debug;
		};
		2A9B5AA026A3C71C005415BA /* Release */ = {
			isa = XCBuildConfiguration;
			buildSettings = {
				ALWAYS_EMBED_SWIFT_STANDARD_LIBRARIES = YES;
				BUNDLE_LOADER = "$(TEST_HOST)";
				CODE_SIGN_STYLE = Automatic;
				DEVELOPMENT_TEAM = 5S22W76BBZ;
				INFOPLIST_FILE = InjectionTests/Info.plist;
				IPHONEOS_DEPLOYMENT_TARGET = 14.5;
				LD_RUNPATH_SEARCH_PATHS = (
					"$(inherited)",
					"@executable_path/Frameworks",
					"@loader_path/Frameworks",
				);
				PRODUCT_BUNDLE_IDENTIFIER = com.kevinhomorales.InjectionTests;
				PRODUCT_NAME = "$(TARGET_NAME)";
				SWIFT_VERSION = 5.0;
				TARGETED_DEVICE_FAMILY = "1,2";
				TEST_HOST = "$(BUILT_PRODUCTS_DIR)/Injection.app/Injection";
			};
			name = Release;
		};
		2A9B5AA226A3C71C005415BA /* Debug */ = {
			isa = XCBuildConfiguration;
			buildSettings = {
				ALWAYS_EMBED_SWIFT_STANDARD_LIBRARIES = YES;
				CODE_SIGN_STYLE = Automatic;
				DEVELOPMENT_TEAM = 5S22W76BBZ;
				INFOPLIST_FILE = InjectionUITests/Info.plist;
				LD_RUNPATH_SEARCH_PATHS = (
					"$(inherited)",
					"@executable_path/Frameworks",
					"@loader_path/Frameworks",
				);
				PRODUCT_BUNDLE_IDENTIFIER = com.kevinhomorales.InjectionUITests;
				PRODUCT_NAME = "$(TARGET_NAME)";
				SWIFT_VERSION = 5.0;
				TARGETED_DEVICE_FAMILY = "1,2";
				TEST_TARGET_NAME = Injection;
			};
			name = Debug;
		};
		2A9B5AA326A3C71C005415BA /* Release */ = {
			isa = XCBuildConfiguration;
			buildSettings = {
				ALWAYS_EMBED_SWIFT_STANDARD_LIBRARIES = YES;
				CODE_SIGN_STYLE = Automatic;
				DEVELOPMENT_TEAM = 5S22W76BBZ;
				INFOPLIST_FILE = InjectionUITests/Info.plist;
				LD_RUNPATH_SEARCH_PATHS = (
					"$(inherited)",
					"@executable_path/Frameworks",
					"@loader_path/Frameworks",
				);
				PRODUCT_BUNDLE_IDENTIFIER = com.kevinhomorales.InjectionUITests;
				PRODUCT_NAME = "$(TARGET_NAME)";
				SWIFT_VERSION = 5.0;
				TARGETED_DEVICE_FAMILY = "1,2";
				TEST_TARGET_NAME = Injection;
			};
			name = Release;
		};
/* End XCBuildConfiguration section */

/* Begin XCConfigurationList section */
		2A9B5A6C26A3C718005415BA /* Build configuration list for PBXProject "Injection" */ = {
			isa = XCConfigurationList;
			buildConfigurations = (
				2A9B5A9926A3C71C005415BA /* Debug */,
				2A9B5A9A26A3C71C005415BA /* Release */,
			);
			defaultConfigurationIsVisible = 0;
			defaultConfigurationName = Release;
		};
		2A9B5A9B26A3C71C005415BA /* Build configuration list for PBXNativeTarget "Injection" */ = {
			isa = XCConfigurationList;
			buildConfigurations = (
				2A9B5A9C26A3C71C005415BA /* Debug */,
				2A9B5A9D26A3C71C005415BA /* Release */,
			);
			defaultConfigurationIsVisible = 0;
			defaultConfigurationName = Release;
		};
		2A9B5A9E26A3C71C005415BA /* Build configuration list for PBXNativeTarget "InjectionTests" */ = {
			isa = XCConfigurationList;
			buildConfigurations = (
				2A9B5A9F26A3C71C005415BA /* Debug */,
				2A9B5AA026A3C71C005415BA /* Release */,
			);
			defaultConfigurationIsVisible = 0;
			defaultConfigurationName = Release;
		};
		2A9B5AA126A3C71C005415BA /* Build configuration list for PBXNativeTarget "InjectionUITests" */ = {
			isa = XCConfigurationList;
			buildConfigurations = (
				2A9B5AA226A3C71C005415BA /* Debug */,
				2A9B5AA326A3C71C005415BA /* Release */,
			);
			defaultConfigurationIsVisible = 0;
			defaultConfigurationName = Release;
		};
/* End XCConfigurationList section */
	};
	rootObject = 2A9B5A6926A3C718005415BA /* Project object */;
}
